
Microsoft Visual Studio Solution File, Format Version 12.00
# Visual Studio Version 17
VisualStudioVersion = 17.2.32526.322
MinimumVisualStudioVersion = 10.0.40219.1
Project("{9A19103F-16F7-4668-BE54-9A1E7A4F7556}") = "Garage", "Garage\Garage.csproj", "{734AC9C7-0D33-4548-8CE7-522CC50AC5FC}"
EndProject
Project("{9A19103F-16F7-4668-BE54-9A1E7A4F7556}") = "GarageTest", "GarageTest\GarageTest.csproj", "{429F2D3F-58B7-488F-8389-A97674C2FA05}"
EndProject
Global
	GlobalSection(SolutionConfigurationPlatforms) = preSolution
		Debug|Any CPU = Debug|Any CPU
		Release|Any CPU = Release|Any CPU
	EndGlobalSection
	GlobalSection(ProjectConfigurationPlatforms) = postSolution
		{734AC9C7-0D33-4548-8CE7-522CC50AC5FC}.Debug|Any CPU.ActiveCfg = Debug|Any CPU
		{734AC9C7-0D33-4548-8CE7-522CC50AC5FC}.Debug|Any CPU.Build.0 = Debug|Any CPU
		{734AC9C7-0D33-4548-8CE7-522CC50AC5FC}.Release|Any CPU.ActiveCfg = Release|Any CPU
		{734AC9C7-0D33-4548-8CE7-522CC50AC5FC}.Release|Any CPU.Build.0 = Release|Any CPU
		{429F2D3F-58B7-488F-8389-A97674C2FA05}.Debug|Any CPU.ActiveCfg = Debug|Any CPU
		{429F2D3F-58B7-488F-8389-A97674C2FA05}.Debug|Any CPU.Build.0 = Debug|Any CPU
		{429F2D3F-58B7-488F-8389-A97674C2FA05}.Release|Any CPU.ActiveCfg = Release|Any CPU
		{429F2D3F-58B7-488F-8389-A97674C2FA05}.Release|Any CPU.Build.0 = Release|Any CPU
	EndGlobalSection
	GlobalSection(SolutionProperties) = preSolution
		HideSolutionNode = FALSE
	EndGlobalSection
	GlobalSection(ExtensibilityGlobals) = postSolution
		SolutionGuid = {5B7C350C-112C-4AF4-B26E-B223B65DF411}
	EndGlobalSection
EndGlobal
